// !$*UTF8*$!
{
	archiveVersion = 1;
	classes = {
	};
	objectVersion = 46;
	objects = {

/* Begin PBXBuildFile section */
		93052A1313C2835000199561 /* UIKit.framework in Frameworks */ = {isa = PBXBuildFile; fileRef = 93052A1213C2835000199561 /* UIKit.framework */; };
		93052A1513C2835000199561 /* Foundation.framework in Frameworks */ = {isa = PBXBuildFile; fileRef = 93052A1413C2835000199561 /* Foundation.framework */; };
		93052A1713C2835000199561 /* CoreGraphics.framework in Frameworks */ = {isa = PBXBuildFile; fileRef = 93052A1613C2835000199561 /* CoreGraphics.framework */; };
		93052A1D13C2835000199561 /* InfoPlist.strings in Resources */ = {isa = PBXBuildFile; fileRef = 93052A1B13C2835000199561 /* InfoPlist.strings */; };
		93052A2013C2835000199561 /* main.m in Sources */ = {isa = PBXBuildFile; fileRef = 93052A1F13C2835000199561 /* main.m */; };
		93052A2313C2835000199561 /* JPadAppDelegate.m in Sources */ = {isa = PBXBuildFile; fileRef = 93052A2213C2835000199561 /* JPadAppDelegate.m */; };
		93052A2D13C2835000199561 /* UIKit.framework in Frameworks */ = {isa = PBXBuildFile; fileRef = 93052A1213C2835000199561 /* UIKit.framework */; };
		93052A2E13C2835000199561 /* Foundation.framework in Frameworks */ = {isa = PBXBuildFile; fileRef = 93052A1413C2835000199561 /* Foundation.framework */; };
		93052A2F13C2835000199561 /* CoreGraphics.framework in Frameworks */ = {isa = PBXBuildFile; fileRef = 93052A1613C2835000199561 /* CoreGraphics.framework */; };
		93052A3713C2835000199561 /* InfoPlist.strings in Resources */ = {isa = PBXBuildFile; fileRef = 93052A3513C2835000199561 /* InfoPlist.strings */; };
		93052A3A13C2835000199561 /* JPadTests.h in Resources */ = {isa = PBXBuildFile; fileRef = 93052A3913C2835000199561 /* JPadTests.h */; };
		93052A3C13C2835000199561 /* JPadTests.m in Sources */ = {isa = PBXBuildFile; fileRef = 93052A3B13C2835000199561 /* JPadTests.m */; };
		930B0EEC13EBC26E005D1E50 /* ScollProfile.xib in Resources */ = {isa = PBXBuildFile; fileRef = 930B0EEB13EBC26D005D1E50 /* ScollProfile.xib */; };
		9385965613E7C9ED0059FDFD /* Notes.txt in Resources */ = {isa = PBXBuildFile; fileRef = 9385965513E7C9ED0059FDFD /* Notes.txt */; };
		93E4198713CA392F005BA714 /* MemberList.m in Sources */ = {isa = PBXBuildFile; fileRef = 93E4198313CA392E005BA714 /* MemberList.m */; };
		93E4198813CA392F005BA714 /* MiniProfile.m in Sources */ = {isa = PBXBuildFile; fileRef = 93E4198513CA392F005BA714 /* MiniProfile.m */; };
		93E419A213CA393F005BA714 /* NSObject+SBJson.m in Sources */ = {isa = PBXBuildFile; fileRef = 93E4198A13CA393F005BA714 /* NSObject+SBJson.m */; };
		93E419A313CA393F005BA714 /* SBJsonParser.m in Sources */ = {isa = PBXBuildFile; fileRef = 93E4198D13CA393F005BA714 /* SBJsonParser.m */; };
		93E419A413CA393F005BA714 /* SBJsonStreamParser.m in Sources */ = {isa = PBXBuildFile; fileRef = 93E4198F13CA393F005BA714 /* SBJsonStreamParser.m */; };
		93E419A513CA393F005BA714 /* SBJsonStreamParserAccumulator.m in Sources */ = {isa = PBXBuildFile; fileRef = 93E4199113CA393F005BA714 /* SBJsonStreamParserAccumulator.m */; };
		93E419A613CA393F005BA714 /* SBJsonStreamParserAdapter.m in Sources */ = {isa = PBXBuildFile; fileRef = 93E4199313CA393F005BA714 /* SBJsonStreamParserAdapter.m */; };
		93E419A713CA393F005BA714 /* SBJsonStreamParserState.m in Sources */ = {isa = PBXBuildFile; fileRef = 93E4199513CA393F005BA714 /* SBJsonStreamParserState.m */; };
		93E419A813CA393F005BA714 /* SBJsonStreamWriter.m in Sources */ = {isa = PBXBuildFile; fileRef = 93E4199713CA393F005BA714 /* SBJsonStreamWriter.m */; };
		93E419A913CA393F005BA714 /* SBJsonStreamWriterAccumulator.m in Sources */ = {isa = PBXBuildFile; fileRef = 93E4199913CA393F005BA714 /* SBJsonStreamWriterAccumulator.m */; };
		93E419AA13CA393F005BA714 /* SBJsonStreamWriterState.m in Sources */ = {isa = PBXBuildFile; fileRef = 93E4199B13CA393F005BA714 /* SBJsonStreamWriterState.m */; };
		93E419AB13CA393F005BA714 /* SBJsonTokeniser.m in Sources */ = {isa = PBXBuildFile; fileRef = 93E4199D13CA393F005BA714 /* SBJsonTokeniser.m */; };
		93E419AC13CA393F005BA714 /* SBJsonUTF8Stream.m in Sources */ = {isa = PBXBuildFile; fileRef = 93E4199F13CA393F005BA714 /* SBJsonUTF8Stream.m */; };
		93E419AD13CA393F005BA714 /* SBJsonWriter.m in Sources */ = {isa = PBXBuildFile; fileRef = 93E419A113CA393F005BA714 /* SBJsonWriter.m */; };
		93E419B013CA3953005BA714 /* DataFetcher.m in Sources */ = {isa = PBXBuildFile; fileRef = 93E419AF13CA3953005BA714 /* DataFetcher.m */; };
		93E419B313CA3960005BA714 /* MemberListViewController.m in Sources */ = {isa = PBXBuildFile; fileRef = 93E419B213CA3960005BA714 /* MemberListViewController.m */; };
		93E419C913CA3A8A005BA714 /* backgroundImage_repeat.png in Resources */ = {isa = PBXBuildFile; fileRef = 93E419C813CA3A8A005BA714 /* backgroundImage_repeat.png */; };
		93E419D413CA3B06005BA714 /* DataViewController.m in Sources */ = {isa = PBXBuildFile; fileRef = 93E419CB13CA3B06005BA714 /* DataViewController.m */; };
		93E419D513CA3B06005BA714 /* MenuViewController.m in Sources */ = {isa = PBXBuildFile; fileRef = 93E419CD13CA3B06005BA714 /* MenuViewController.m */; };
		93E419D613CA3B06005BA714 /* RootViewController.m in Sources */ = {isa = PBXBuildFile; fileRef = 93E419CF13CA3B06005BA714 /* RootViewController.m */; };
		93E419D713CA3B06005BA714 /* StackScrollViewAppDelegate.m in Sources */ = {isa = PBXBuildFile; fileRef = 93E419D113CA3B06005BA714 /* StackScrollViewAppDelegate.m */; };
		93E419D813CA3B06005BA714 /* StackScrollViewController.m in Sources */ = {isa = PBXBuildFile; fileRef = 93E419D313CA3B06005BA714 /* StackScrollViewController.m */; };
		93E419DB13CA3B16005BA714 /* UIViewWithShadow.m in Sources */ = {isa = PBXBuildFile; fileRef = 93E419DA13CA3B16005BA714 /* UIViewWithShadow.m */; };
		93E419DF13CA3C29005BA714 /* MainWindow.xib in Resources */ = {isa = PBXBuildFile; fileRef = 93E419DD13CA3C29005BA714 /* MainWindow.xib */; };
		93E419E413CA3EF2005BA714 /* QuartzCore.framework in Frameworks */ = {isa = PBXBuildFile; fileRef = 93E419E313CA3EF2005BA714 /* QuartzCore.framework */; };
		93E419EF13CA51B0005BA714 /* Feature.m in Sources */ = {isa = PBXBuildFile; fileRef = 93E419EE13CA51B0005BA714 /* Feature.m */; };
		93E419F213CA725C005BA714 /* HotList.m in Sources */ = {isa = PBXBuildFile; fileRef = 93E419F113CA725B005BA714 /* HotList.m */; };
		93E419F513CA769A005BA714 /* HotListEntry.m in Sources */ = {isa = PBXBuildFile; fileRef = 93E419F413CA7699005BA714 /* HotListEntry.m */; };
		93E419F913CA79B0005BA714 /* HotListViewController.m in Sources */ = {isa = PBXBuildFile; fileRef = 93E419F713CA79AE005BA714 /* HotListViewController.m */; };
		93E419FA13CA79B0005BA714 /* HotListViewController.xib in Resources */ = {isa = PBXBuildFile; fileRef = 93E419F813CA79AF005BA714 /* HotListViewController.xib */; };
		93E41A1013CC198A005BA714 /* ProfileViewController.m in Sources */ = {isa = PBXBuildFile; fileRef = 93E41A0E13CC1987005BA714 /* ProfileViewController.m */; };
		93E41A1113CC198A005BA714 /* ProfileViewController.xib in Resources */ = {isa = PBXBuildFile; fileRef = 93E41A0F13CC1988005BA714 /* ProfileViewController.xib */; };
		93E41A1513D244D4005BA714 /* ListBaseViewController.m in Sources */ = {isa = PBXBuildFile; fileRef = 93E41A1313D244D0005BA714 /* ListBaseViewController.m */; };
		93E41A1913D24701005BA714 /* ListBase.m in Sources */ = {isa = PBXBuildFile; fileRef = 93E41A1813D24700005BA714 /* ListBase.m */; };
/* End PBXBuildFile section */

/* Begin PBXContainerItemProxy section */
		93052A3013C2835000199561 /* PBXContainerItemProxy */ = {
			isa = PBXContainerItemProxy;
			containerPortal = 93052A0513C2835000199561 /* Project object */;
			proxyType = 1;
			remoteGlobalIDString = 93052A0D13C2835000199561;
			remoteInfo = JPad;
		};
/* End PBXContainerItemProxy section */

/* Begin PBXFileReference section */
		93052A0E13C2835000199561 /* JPad.app */ = {isa = PBXFileReference; explicitFileType = wrapper.application; includeInIndex = 0; path = JPad.app; sourceTree = BUILT_PRODUCTS_DIR; };
		93052A1213C2835000199561 /* UIKit.framework */ = {isa = PBXFileReference; lastKnownFileType = wrapper.framework; name = UIKit.framework; path = System/Library/Frameworks/UIKit.framework; sourceTree = SDKROOT; };
		93052A1413C2835000199561 /* Foundation.framework */ = {isa = PBXFileReference; lastKnownFileType = wrapper.framework; name = Foundation.framework; path = System/Library/Frameworks/Foundation.framework; sourceTree = SDKROOT; };
		93052A1613C2835000199561 /* CoreGraphics.framework */ = {isa = PBXFileReference; lastKnownFileType = wrapper.framework; name = CoreGraphics.framework; path = System/Library/Frameworks/CoreGraphics.framework; sourceTree = SDKROOT; };
		93052A1A13C2835000199561 /* JPad-Info.plist */ = {isa = PBXFileReference; lastKnownFileType = text.plist.xml; path = "JPad-Info.plist"; sourceTree = "<group>"; };
		93052A1C13C2835000199561 /* en */ = {isa = PBXFileReference; lastKnownFileType = text.plist.strings; name = en; path = en.lproj/InfoPlist.strings; sourceTree = "<group>"; };
		93052A1E13C2835000199561 /* JPad-Prefix.pch */ = {isa = PBXFileReference; lastKnownFileType = sourcecode.c.h; path = "JPad-Prefix.pch"; sourceTree = "<group>"; };
		93052A1F13C2835000199561 /* main.m */ = {isa = PBXFileReference; lastKnownFileType = sourcecode.c.objc; path = main.m; sourceTree = "<group>"; };
		93052A2113C2835000199561 /* JPadAppDelegate.h */ = {isa = PBXFileReference; lastKnownFileType = sourcecode.c.h; path = JPadAppDelegate.h; sourceTree = "<group>"; };
		93052A2213C2835000199561 /* JPadAppDelegate.m */ = {isa = PBXFileReference; lastKnownFileType = sourcecode.c.objc; path = JPadAppDelegate.m; sourceTree = "<group>"; };
		93052A2C13C2835000199561 /* JPadTests.octest */ = {isa = PBXFileReference; explicitFileType = wrapper.cfbundle; includeInIndex = 0; path = JPadTests.octest; sourceTree = BUILT_PRODUCTS_DIR; };
		93052A3413C2835000199561 /* JPadTests-Info.plist */ = {isa = PBXFileReference; lastKnownFileType = text.plist.xml; path = "JPadTests-Info.plist"; sourceTree = "<group>"; };
		93052A3613C2835000199561 /* en */ = {isa = PBXFileReference; lastKnownFileType = text.plist.strings; name = en; path = en.lproj/InfoPlist.strings; sourceTree = "<group>"; };
		93052A3813C2835000199561 /* JPadTests-Prefix.pch */ = {isa = PBXFileReference; lastKnownFileType = sourcecode.c.h; path = "JPadTests-Prefix.pch"; sourceTree = "<group>"; };
		93052A3913C2835000199561 /* JPadTests.h */ = {isa = PBXFileReference; lastKnownFileType = sourcecode.c.h; path = JPadTests.h; sourceTree = "<group>"; };
		93052A3B13C2835000199561 /* JPadTests.m */ = {isa = PBXFileReference; lastKnownFileType = sourcecode.c.objc; path = JPadTests.m; sourceTree = "<group>"; };
		930B0EEB13EBC26D005D1E50 /* ScollProfile.xib */ = {isa = PBXFileReference; fileEncoding = 4; lastKnownFileType = file.xib; path = ScollProfile.xib; sourceTree = "<group>"; };
		9385965513E7C9ED0059FDFD /* Notes.txt */ = {isa = PBXFileReference; fileEncoding = 4; lastKnownFileType = text; path = Notes.txt; sourceTree = "<group>"; };
		93E4198213CA392E005BA714 /* MemberList.h */ = {isa = PBXFileReference; fileEncoding = 4; lastKnownFileType = sourcecode.c.h; name = MemberList.h; path = Models/MemberList.h; sourceTree = "<group>"; };
		93E4198313CA392E005BA714 /* MemberList.m */ = {isa = PBXFileReference; fileEncoding = 4; lastKnownFileType = sourcecode.c.objc; name = MemberList.m; path = Models/MemberList.m; sourceTree = "<group>"; };
		93E4198413CA392F005BA714 /* MiniProfile.h */ = {isa = PBXFileReference; fileEncoding = 4; lastKnownFileType = sourcecode.c.h; name = MiniProfile.h; path = Models/MiniProfile.h; sourceTree = "<group>"; };
		93E4198513CA392F005BA714 /* MiniProfile.m */ = {isa = PBXFileReference; fileEncoding = 4; lastKnownFileType = sourcecode.c.objc; name = MiniProfile.m; path = Models/MiniProfile.m; sourceTree = "<group>"; };
		93E4198613CA392F005BA714 /* SerializeProtocol.h */ = {isa = PBXFileReference; fileEncoding = 4; lastKnownFileType = sourcecode.c.h; name = SerializeProtocol.h; path = Models/SerializeProtocol.h; sourceTree = "<group>"; };
		93E4198913CA393F005BA714 /* NSObject+SBJson.h */ = {isa = PBXFileReference; fileEncoding = 4; lastKnownFileType = sourcecode.c.h; name = "NSObject+SBJson.h"; path = "SBJson/NSObject+SBJson.h"; sourceTree = "<group>"; };
		93E4198A13CA393F005BA714 /* NSObject+SBJson.m */ = {isa = PBXFileReference; fileEncoding = 4; lastKnownFileType = sourcecode.c.objc; name = "NSObject+SBJson.m"; path = "SBJson/NSObject+SBJson.m"; sourceTree = "<group>"; };
		93E4198B13CA393F005BA714 /* SBJson.h */ = {isa = PBXFileReference; fileEncoding = 4; lastKnownFileType = sourcecode.c.h; name = SBJson.h; path = SBJson/SBJson.h; sourceTree = "<group>"; };
		93E4198C13CA393F005BA714 /* SBJsonParser.h */ = {isa = PBXFileReference; fileEncoding = 4; lastKnownFileType = sourcecode.c.h; name = SBJsonParser.h; path = SBJson/SBJsonParser.h; sourceTree = "<group>"; };
		93E4198D13CA393F005BA714 /* SBJsonParser.m */ = {isa = PBXFileReference; fileEncoding = 4; lastKnownFileType = sourcecode.c.objc; name = SBJsonParser.m; path = SBJson/SBJsonParser.m; sourceTree = "<group>"; };
		93E4198E13CA393F005BA714 /* SBJsonStreamParser.h */ = {isa = PBXFileReference; fileEncoding = 4; lastKnownFileType = sourcecode.c.h; name = SBJsonStreamParser.h; path = SBJson/SBJsonStreamParser.h; sourceTree = "<group>"; };
		93E4198F13CA393F005BA714 /* SBJsonStreamParser.m */ = {isa = PBXFileReference; fileEncoding = 4; lastKnownFileType = sourcecode.c.objc; name = SBJsonStreamParser.m; path = SBJson/SBJsonStreamParser.m; sourceTree = "<group>"; };
		93E4199013CA393F005BA714 /* SBJsonStreamParserAccumulator.h */ = {isa = PBXFileReference; fileEncoding = 4; lastKnownFileType = sourcecode.c.h; name = SBJsonStreamParserAccumulator.h; path = SBJson/SBJsonStreamParserAccumulator.h; sourceTree = "<group>"; };
		93E4199113CA393F005BA714 /* SBJsonStreamParserAccumulator.m */ = {isa = PBXFileReference; fileEncoding = 4; lastKnownFileType = sourcecode.c.objc; name = SBJsonStreamParserAccumulator.m; path = SBJson/SBJsonStreamParserAccumulator.m; sourceTree = "<group>"; };
		93E4199213CA393F005BA714 /* SBJsonStreamParserAdapter.h */ = {isa = PBXFileReference; fileEncoding = 4; lastKnownFileType = sourcecode.c.h; name = SBJsonStreamParserAdapter.h; path = SBJson/SBJsonStreamParserAdapter.h; sourceTree = "<group>"; };
		93E4199313CA393F005BA714 /* SBJsonStreamParserAdapter.m */ = {isa = PBXFileReference; fileEncoding = 4; lastKnownFileType = sourcecode.c.objc; name = SBJsonStreamParserAdapter.m; path = SBJson/SBJsonStreamParserAdapter.m; sourceTree = "<group>"; };
		93E4199413CA393F005BA714 /* SBJsonStreamParserState.h */ = {isa = PBXFileReference; fileEncoding = 4; lastKnownFileType = sourcecode.c.h; name = SBJsonStreamParserState.h; path = SBJson/SBJsonStreamParserState.h; sourceTree = "<group>"; };
		93E4199513CA393F005BA714 /* SBJsonStreamParserState.m */ = {isa = PBXFileReference; fileEncoding = 4; lastKnownFileType = sourcecode.c.objc; name = SBJsonStreamParserState.m; path = SBJson/SBJsonStreamParserState.m; sourceTree = "<group>"; };
		93E4199613CA393F005BA714 /* SBJsonStreamWriter.h */ = {isa = PBXFileReference; fileEncoding = 4; lastKnownFileType = sourcecode.c.h; name = SBJsonStreamWriter.h; path = SBJson/SBJsonStreamWriter.h; sourceTree = "<group>"; };
		93E4199713CA393F005BA714 /* SBJsonStreamWriter.m */ = {isa = PBXFileReference; fileEncoding = 4; lastKnownFileType = sourcecode.c.objc; name = SBJsonStreamWriter.m; path = SBJson/SBJsonStreamWriter.m; sourceTree = "<group>"; };
		93E4199813CA393F005BA714 /* SBJsonStreamWriterAccumulator.h */ = {isa = PBXFileReference; fileEncoding = 4; lastKnownFileType = sourcecode.c.h; name = SBJsonStreamWriterAccumulator.h; path = SBJson/SBJsonStreamWriterAccumulator.h; sourceTree = "<group>"; };
		93E4199913CA393F005BA714 /* SBJsonStreamWriterAccumulator.m */ = {isa = PBXFileReference; fileEncoding = 4; lastKnownFileType = sourcecode.c.objc; name = SBJsonStreamWriterAccumulator.m; path = SBJson/SBJsonStreamWriterAccumulator.m; sourceTree = "<group>"; };
		93E4199A13CA393F005BA714 /* SBJsonStreamWriterState.h */ = {isa = PBXFileReference; fileEncoding = 4; lastKnownFileType = sourcecode.c.h; name = SBJsonStreamWriterState.h; path = SBJson/SBJsonStreamWriterState.h; sourceTree = "<group>"; };
		93E4199B13CA393F005BA714 /* SBJsonStreamWriterState.m */ = {isa = PBXFileReference; fileEncoding = 4; lastKnownFileType = sourcecode.c.objc; name = SBJsonStreamWriterState.m; path = SBJson/SBJsonStreamWriterState.m; sourceTree = "<group>"; };
		93E4199C13CA393F005BA714 /* SBJsonTokeniser.h */ = {isa = PBXFileReference; fileEncoding = 4; lastKnownFileType = sourcecode.c.h; name = SBJsonTokeniser.h; path = SBJson/SBJsonTokeniser.h; sourceTree = "<group>"; };
		93E4199D13CA393F005BA714 /* SBJsonTokeniser.m */ = {isa = PBXFileReference; fileEncoding = 4; lastKnownFileType = sourcecode.c.objc; name = SBJsonTokeniser.m; path = SBJson/SBJsonTokeniser.m; sourceTree = "<group>"; };
		93E4199E13CA393F005BA714 /* SBJsonUTF8Stream.h */ = {isa = PBXFileReference; fileEncoding = 4; lastKnownFileType = sourcecode.c.h; name = SBJsonUTF8Stream.h; path = SBJson/SBJsonUTF8Stream.h; sourceTree = "<group>"; };
		93E4199F13CA393F005BA714 /* SBJsonUTF8Stream.m */ = {isa = PBXFileReference; fileEncoding = 4; lastKnownFileType = sourcecode.c.objc; name = SBJsonUTF8Stream.m; path = SBJson/SBJsonUTF8Stream.m; sourceTree = "<group>"; };
		93E419A013CA393F005BA714 /* SBJsonWriter.h */ = {isa = PBXFileReference; fileEncoding = 4; lastKnownFileType = sourcecode.c.h; name = SBJsonWriter.h; path = SBJson/SBJsonWriter.h; sourceTree = "<group>"; };
		93E419A113CA393F005BA714 /* SBJsonWriter.m */ = {isa = PBXFileReference; fileEncoding = 4; lastKnownFileType = sourcecode.c.objc; name = SBJsonWriter.m; path = SBJson/SBJsonWriter.m; sourceTree = "<group>"; };
		93E419AE13CA3953005BA714 /* DataFetcher.h */ = {isa = PBXFileReference; fileEncoding = 4; lastKnownFileType = sourcecode.c.h; name = DataFetcher.h; path = DataAccess/DataFetcher.h; sourceTree = "<group>"; };
		93E419AF13CA3953005BA714 /* DataFetcher.m */ = {isa = PBXFileReference; fileEncoding = 4; lastKnownFileType = sourcecode.c.objc; name = DataFetcher.m; path = DataAccess/DataFetcher.m; sourceTree = "<group>"; };
		93E419B113CA3960005BA714 /* MemberListViewController.h */ = {isa = PBXFileReference; fileEncoding = 4; lastKnownFileType = sourcecode.c.h; name = MemberListViewController.h; path = Controllers/MemberListViewController.h; sourceTree = "<group>"; };
		93E419B213CA3960005BA714 /* MemberListViewController.m */ = {isa = PBXFileReference; fileEncoding = 4; lastKnownFileType = sourcecode.c.objc; name = MemberListViewController.m; path = Controllers/MemberListViewController.m; sourceTree = "<group>"; };
		93E419C713CA3A76005BA714 /* StackScrollView_Prefix.pch */ = {isa = PBXFileReference; fileEncoding = 4; lastKnownFileType = sourcecode.c.h; path = StackScrollView_Prefix.pch; sourceTree = "<group>"; };
		93E419C813CA3A8A005BA714 /* backgroundImage_repeat.png */ = {isa = PBXFileReference; lastKnownFileType = image.png; path = backgroundImage_repeat.png; sourceTree = "<group>"; };
		93E419CA13CA3B06005BA714 /* DataViewController.h */ = {isa = PBXFileReference; fileEncoding = 4; lastKnownFileType = sourcecode.c.h; name = DataViewController.h; path = Controllers/DataViewController.h; sourceTree = "<group>"; };
		93E419CB13CA3B06005BA714 /* DataViewController.m */ = {isa = PBXFileReference; fileEncoding = 4; lastKnownFileType = sourcecode.c.objc; name = DataViewController.m; path = Controllers/DataViewController.m; sourceTree = "<group>"; };
		93E419CC13CA3B06005BA714 /* MenuViewController.h */ = {isa = PBXFileReference; fileEncoding = 4; lastKnownFileType = sourcecode.c.h; name = MenuViewController.h; path = Controllers/MenuViewController.h; sourceTree = "<group>"; };
		93E419CD13CA3B06005BA714 /* MenuViewController.m */ = {isa = PBXFileReference; fileEncoding = 4; lastKnownFileType = sourcecode.c.objc; name = MenuViewController.m; path = Controllers/MenuViewController.m; sourceTree = "<group>"; };
		93E419CE13CA3B06005BA714 /* RootViewController.h */ = {isa = PBXFileReference; fileEncoding = 4; lastKnownFileType = sourcecode.c.h; name = RootViewController.h; path = Controllers/RootViewController.h; sourceTree = "<group>"; };
		93E419CF13CA3B06005BA714 /* RootViewController.m */ = {isa = PBXFileReference; fileEncoding = 4; lastKnownFileType = sourcecode.c.objc; name = RootViewController.m; path = Controllers/RootViewController.m; sourceTree = "<group>"; };
		93E419D013CA3B06005BA714 /* StackScrollViewAppDelegate.h */ = {isa = PBXFileReference; fileEncoding = 4; lastKnownFileType = sourcecode.c.h; name = StackScrollViewAppDelegate.h; path = Controllers/StackScrollViewAppDelegate.h; sourceTree = "<group>"; };
		93E419D113CA3B06005BA714 /* StackScrollViewAppDelegate.m */ = {isa = PBXFileReference; fileEncoding = 4; lastKnownFileType = sourcecode.c.objc; name = StackScrollViewAppDelegate.m; path = Controllers/StackScrollViewAppDelegate.m; sourceTree = "<group>"; };
		93E419D213CA3B06005BA714 /* StackScrollViewController.h */ = {isa = PBXFileReference; fileEncoding = 4; lastKnownFileType = sourcecode.c.h; name = StackScrollViewController.h; path = Controllers/StackScrollViewController.h; sourceTree = "<group>"; };
		93E419D313CA3B06005BA714 /* StackScrollViewController.m */ = {isa = PBXFileReference; fileEncoding = 4; lastKnownFileType = sourcecode.c.objc; name = StackScrollViewController.m; path = Controllers/StackScrollViewController.m; sourceTree = "<group>"; };
		93E419D913CA3B16005BA714 /* UIViewWithShadow.h */ = {isa = PBXFileReference; fileEncoding = 4; lastKnownFileType = sourcecode.c.h; name = UIViewWithShadow.h; path = Controllers/Extension/UIViewWithShadow.h; sourceTree = "<group>"; };
		93E419DA13CA3B16005BA714 /* UIViewWithShadow.m */ = {isa = PBXFileReference; fileEncoding = 4; lastKnownFileType = sourcecode.c.objc; name = UIViewWithShadow.m; path = Controllers/Extension/UIViewWithShadow.m; sourceTree = "<group>"; };
		93E419DE13CA3C29005BA714 /* en */ = {isa = PBXFileReference; lastKnownFileType = file.xib; name = en; path = en.lproj/MainWindow.xib; sourceTree = "<group>"; };
		93E419E313CA3EF2005BA714 /* QuartzCore.framework */ = {isa = PBXFileReference; lastKnownFileType = wrapper.framework; name = QuartzCore.framework; path = System/Library/Frameworks/QuartzCore.framework; sourceTree = SDKROOT; };
		93E419ED13CA51B0005BA714 /* Feature.h */ = {isa = PBXFileReference; fileEncoding = 4; lastKnownFileType = sourcecode.c.h; path = Feature.h; sourceTree = "<group>"; };
		93E419EE13CA51B0005BA714 /* Feature.m */ = {isa = PBXFileReference; fileEncoding = 4; lastKnownFileType = sourcecode.c.objc; path = Feature.m; sourceTree = "<group>"; };
		93E419F013CA725B005BA714 /* HotList.h */ = {isa = PBXFileReference; fileEncoding = 4; lastKnownFileType = sourcecode.c.h; path = HotList.h; sourceTree = "<group>"; };
		93E419F113CA725B005BA714 /* HotList.m */ = {isa = PBXFileReference; fileEncoding = 4; lastKnownFileType = sourcecode.c.objc; path = HotList.m; sourceTree = "<group>"; };
		93E419F313CA7699005BA714 /* HotListEntry.h */ = {isa = PBXFileReference; fileEncoding = 4; lastKnownFileType = sourcecode.c.h; path = HotListEntry.h; sourceTree = "<group>"; };
		93E419F413CA7699005BA714 /* HotListEntry.m */ = {isa = PBXFileReference; fileEncoding = 4; lastKnownFileType = sourcecode.c.objc; path = HotListEntry.m; sourceTree = "<group>"; };
		93E419F613CA79AD005BA714 /* HotListViewController.h */ = {isa = PBXFileReference; fileEncoding = 4; lastKnownFileType = sourcecode.c.h; path = HotListViewController.h; sourceTree = "<group>"; };
		93E419F713CA79AE005BA714 /* HotListViewController.m */ = {isa = PBXFileReference; fileEncoding = 4; lastKnownFileType = sourcecode.c.objc; path = HotListViewController.m; sourceTree = "<group>"; };
		93E419F813CA79AF005BA714 /* HotListViewController.xib */ = {isa = PBXFileReference; fileEncoding = 4; lastKnownFileType = file.xib; path = HotListViewController.xib; sourceTree = "<group>"; };
		93E41A0D13CC1986005BA714 /* ProfileViewController.h */ = {isa = PBXFileReference; fileEncoding = 4; lastKnownFileType = sourcecode.c.h; path = ProfileViewController.h; sourceTree = "<group>"; };
		93E41A0E13CC1987005BA714 /* ProfileViewController.m */ = {isa = PBXFileReference; fileEncoding = 4; lastKnownFileType = sourcecode.c.objc; path = ProfileViewController.m; sourceTree = "<group>"; };
		93E41A0F13CC1988005BA714 /* ProfileViewController.xib */ = {isa = PBXFileReference; fileEncoding = 4; lastKnownFileType = file.xib; path = ProfileViewController.xib; sourceTree = "<group>"; };
		93E41A1213D244CE005BA714 /* ListBaseViewController.h */ = {isa = PBXFileReference; fileEncoding = 4; lastKnownFileType = sourcecode.c.h; path = ListBaseViewController.h; sourceTree = "<group>"; };
		93E41A1313D244D0005BA714 /* ListBaseViewController.m */ = {isa = PBXFileReference; fileEncoding = 4; lastKnownFileType = sourcecode.c.objc; path = ListBaseViewController.m; sourceTree = "<group>"; };
		93E41A1713D246FF005BA714 /* ListBase.h */ = {isa = PBXFileReference; fileEncoding = 4; lastKnownFileType = sourcecode.c.h; path = ListBase.h; sourceTree = "<group>"; };
		93E41A1813D24700005BA714 /* ListBase.m */ = {isa = PBXFileReference; fileEncoding = 4; lastKnownFileType = sourcecode.c.objc; path = ListBase.m; sourceTree = "<group>"; };
/* End PBXFileReference section */

/* Begin PBXFrameworksBuildPhase section */
		93052A0B13C2835000199561 /* Frameworks */ = {
			isa = PBXFrameworksBuildPhase;
			buildActionMask = 2147483647;
			files = (
				93E419E413CA3EF2005BA714 /* QuartzCore.framework in Frameworks */,
				93052A1313C2835000199561 /* UIKit.framework in Frameworks */,
				93052A1513C2835000199561 /* Foundation.framework in Frameworks */,
				93052A1713C2835000199561 /* CoreGraphics.framework in Frameworks */,
			);
			runOnlyForDeploymentPostprocessing = 0;
		};
		93052A2813C2835000199561 /* Frameworks */ = {
			isa = PBXFrameworksBuildPhase;
			buildActionMask = 2147483647;
			files = (
				93052A2D13C2835000199561 /* UIKit.framework in Frameworks */,
				93052A2E13C2835000199561 /* Foundation.framework in Frameworks */,
				93052A2F13C2835000199561 /* CoreGraphics.framework in Frameworks */,
			);
			runOnlyForDeploymentPostprocessing = 0;
		};
/* End PBXFrameworksBuildPhase section */

/* Begin PBXGroup section */
		93052A0313C2835000199561 = {
			isa = PBXGroup;
			children = (
				93052A1813C2835000199561 /* JPad */,
				93052A3213C2835000199561 /* JPadTests */,
				93052A1113C2835000199561 /* Frameworks */,
				93052A0F13C2835000199561 /* Products */,
			);
			sourceTree = "<group>";
		};
		93052A0F13C2835000199561 /* Products */ = {
			isa = PBXGroup;
			children = (
				93052A0E13C2835000199561 /* JPad.app */,
				93052A2C13C2835000199561 /* JPadTests.octest */,
			);
			name = Products;
			sourceTree = "<group>";
		};
		93052A1113C2835000199561 /* Frameworks */ = {
			isa = PBXGroup;
			children = (
				93E419E313CA3EF2005BA714 /* QuartzCore.framework */,
				93052A1213C2835000199561 /* UIKit.framework */,
				93052A1413C2835000199561 /* Foundation.framework */,
				93052A1613C2835000199561 /* CoreGraphics.framework */,
			);
			name = Frameworks;
			sourceTree = "<group>";
		};
		93052A1813C2835000199561 /* JPad */ = {
			isa = PBXGroup;
			children = (
				93E418E013CA3227005BA714 /* Images */,
				93052A5D13C2858300199561 /* Models */,
				93052A5C13C2857500199561 /* SBJson */,
				93052A5B13C2856100199561 /* DataAccess */,
				93052A4A13C284F300199561 /* Controllers */,
				93052A2113C2835000199561 /* JPadAppDelegate.h */,
				93052A2213C2835000199561 /* JPadAppDelegate.m */,
				93052A1913C2835000199561 /* Supporting Files */,
				9385965513E7C9ED0059FDFD /* Notes.txt */,
			);
			path = JPad;
			sourceTree = "<group>";
		};
		93052A1913C2835000199561 /* Supporting Files */ = {
			isa = PBXGroup;
			children = (
				93E419DD13CA3C29005BA714 /* MainWindow.xib */,
				93E419C713CA3A76005BA714 /* StackScrollView_Prefix.pch */,
				93052A1A13C2835000199561 /* JPad-Info.plist */,
				93052A1B13C2835000199561 /* InfoPlist.strings */,
				93052A1E13C2835000199561 /* JPad-Prefix.pch */,
				93052A1F13C2835000199561 /* main.m */,
			);
			name = "Supporting Files";
			sourceTree = "<group>";
		};
		93052A3213C2835000199561 /* JPadTests */ = {
			isa = PBXGroup;
			children = (
				93052A3913C2835000199561 /* JPadTests.h */,
				93052A3B13C2835000199561 /* JPadTests.m */,
				93052A3313C2835000199561 /* Supporting Files */,
			);
			path = JPadTests;
			sourceTree = "<group>";
		};
		93052A3313C2835000199561 /* Supporting Files */ = {
			isa = PBXGroup;
			children = (
				93052A3413C2835000199561 /* JPadTests-Info.plist */,
				93052A3513C2835000199561 /* InfoPlist.strings */,
				93052A3813C2835000199561 /* JPadTests-Prefix.pch */,
			);
			name = "Supporting Files";
			sourceTree = "<group>";
		};
		93052A4A13C284F300199561 /* Controllers */ = {
			isa = PBXGroup;
			children = (
				93E419DC13CA3B25005BA714 /* Extension */,
				93E419CA13CA3B06005BA714 /* DataViewController.h */,
				93E419CB13CA3B06005BA714 /* DataViewController.m */,
				93E419CC13CA3B06005BA714 /* MenuViewController.h */,
				93E419CD13CA3B06005BA714 /* MenuViewController.m */,
				93E419CE13CA3B06005BA714 /* RootViewController.h */,
				93E419CF13CA3B06005BA714 /* RootViewController.m */,
				93E419D013CA3B06005BA714 /* StackScrollViewAppDelegate.h */,
				93E419D113CA3B06005BA714 /* StackScrollViewAppDelegate.m */,
				93E419D213CA3B06005BA714 /* StackScrollViewController.h */,
				93E419D313CA3B06005BA714 /* StackScrollViewController.m */,
				93E419B113CA3960005BA714 /* MemberListViewController.h */,
				93E419B213CA3960005BA714 /* MemberListViewController.m */,
				93E419F613CA79AD005BA714 /* HotListViewController.h */,
				93E419F713CA79AE005BA714 /* HotListViewController.m */,
				93E419F813CA79AF005BA714 /* HotListViewController.xib */,
				93E41A0D13CC1986005BA714 /* ProfileViewController.h */,
				93E41A0E13CC1987005BA714 /* ProfileViewController.m */,
				93E41A0F13CC1988005BA714 /* ProfileViewController.xib */,
				93E41A1213D244CE005BA714 /* ListBaseViewController.h */,
				93E41A1313D244D0005BA714 /* ListBaseViewController.m */,
				930B0EEB13EBC26D005D1E50 /* ScollProfile.xib */,
			);
			name = Controllers;
			sourceTree = "<group>";
		};
		93052A5B13C2856100199561 /* DataAccess */ = {
			isa = PBXGroup;
			children = (
				93E419AE13CA3953005BA714 /* DataFetcher.h */,
				93E419AF13CA3953005BA714 /* DataFetcher.m */,
			);
			name = DataAccess;
			sourceTree = "<group>";
		};
		93052A5C13C2857500199561 /* SBJson */ = {
			isa = PBXGroup;
			children = (
				93E4198913CA393F005BA714 /* NSObject+SBJson.h */,
				93E4198A13CA393F005BA714 /* NSObject+SBJson.m */,
				93E4198B13CA393F005BA714 /* SBJson.h */,
				93E4198C13CA393F005BA714 /* SBJsonParser.h */,
				93E4198D13CA393F005BA714 /* SBJsonParser.m */,
				93E4198E13CA393F005BA714 /* SBJsonStreamParser.h */,
				93E4198F13CA393F005BA714 /* SBJsonStreamParser.m */,
				93E4199013CA393F005BA714 /* SBJsonStreamParserAccumulator.h */,
				93E4199113CA393F005BA714 /* SBJsonStreamParserAccumulator.m */,
				93E4199213CA393F005BA714 /* SBJsonStreamParserAdapter.h */,
				93E4199313CA393F005BA714 /* SBJsonStreamParserAdapter.m */,
				93E4199413CA393F005BA714 /* SBJsonStreamParserState.h */,
				93E4199513CA393F005BA714 /* SBJsonStreamParserState.m */,
				93E4199613CA393F005BA714 /* SBJsonStreamWriter.h */,
				93E4199713CA393F005BA714 /* SBJsonStreamWriter.m */,
				93E4199813CA393F005BA714 /* SBJsonStreamWriterAccumulator.h */,
				93E4199913CA393F005BA714 /* SBJsonStreamWriterAccumulator.m */,
				93E4199A13CA393F005BA714 /* SBJsonStreamWriterState.h */,
				93E4199B13CA393F005BA714 /* SBJsonStreamWriterState.m */,
				93E4199C13CA393F005BA714 /* SBJsonTokeniser.h */,
				93E4199D13CA393F005BA714 /* SBJsonTokeniser.m */,
				93E4199E13CA393F005BA714 /* SBJsonUTF8Stream.h */,
				93E4199F13CA393F005BA714 /* SBJsonUTF8Stream.m */,
				93E419A013CA393F005BA714 /* SBJsonWriter.h */,
				93E419A113CA393F005BA714 /* SBJsonWriter.m */,
			);
			name = SBJson;
			sourceTree = "<group>";
		};
		93052A5D13C2858300199561 /* Models */ = {
			isa = PBXGroup;
			children = (
				93E4198213CA392E005BA714 /* MemberList.h */,
				93E4198313CA392E005BA714 /* MemberList.m */,
				93E4198413CA392F005BA714 /* MiniProfile.h */,
				93E4198513CA392F005BA714 /* MiniProfile.m */,
				93E4198613CA392F005BA714 /* SerializeProtocol.h */,
				93E419ED13CA51B0005BA714 /* Feature.h */,
				93E419EE13CA51B0005BA714 /* Feature.m */,
				93E419F013CA725B005BA714 /* HotList.h */,
				93E419F113CA725B005BA714 /* HotList.m */,
				93E419F313CA7699005BA714 /* HotListEntry.h */,
				93E419F413CA7699005BA714 /* HotListEntry.m */,
				93E41A1713D246FF005BA714 /* ListBase.h */,
				93E41A1813D24700005BA714 /* ListBase.m */,
			);
			name = Models;
			sourceTree = "<group>";
		};
		93E418E013CA3227005BA714 /* Images */ = {
			isa = PBXGroup;
			children = (
				93E419C813CA3A8A005BA714 /* backgroundImage_repeat.png */,
			);
			name = Images;
			sourceTree = "<group>";
		};
		93E419DC13CA3B25005BA714 /* Extension */ = {
			isa = PBXGroup;
			children = (
				93E419D913CA3B16005BA714 /* UIViewWithShadow.h */,
				93E419DA13CA3B16005BA714 /* UIViewWithShadow.m */,
			);
			name = Extension;
			sourceTree = "<group>";
		};
/* End PBXGroup section */

/* Begin PBXNativeTarget section */
		93052A0D13C2835000199561 /* JPad */ = {
			isa = PBXNativeTarget;
			buildConfigurationList = 93052A3F13C2835000199561 /* Build configuration list for PBXNativeTarget "JPad" */;
			buildPhases = (
				93052A0A13C2835000199561 /* Sources */,
				93052A0B13C2835000199561 /* Frameworks */,
				93052A0C13C2835000199561 /* Resources */,
			);
			buildRules = (
			);
			dependencies = (
			);
			name = JPad;
			productName = JPad;
			productReference = 93052A0E13C2835000199561 /* JPad.app */;
			productType = "com.apple.product-type.application";
		};
		93052A2B13C2835000199561 /* JPadTests */ = {
			isa = PBXNativeTarget;
			buildConfigurationList = 93052A4213C2835000199561 /* Build configuration list for PBXNativeTarget "JPadTests" */;
			buildPhases = (
				93052A2713C2835000199561 /* Sources */,
				93052A2813C2835000199561 /* Frameworks */,
				93052A2913C2835000199561 /* Resources */,
				93052A2A13C2835000199561 /* ShellScript */,
			);
			buildRules = (
			);
			dependencies = (
				93052A3113C2835000199561 /* PBXTargetDependency */,
			);
			name = JPadTests;
			productName = JPadTests;
			productReference = 93052A2C13C2835000199561 /* JPadTests.octest */;
			productType = "com.apple.product-type.bundle";
		};
/* End PBXNativeTarget section */

/* Begin PBXProject section */
		93052A0513C2835000199561 /* Project object */ = {
			isa = PBXProject;
			buildConfigurationList = 93052A0813C2835000199561 /* Build configuration list for PBXProject "JPad" */;
			compatibilityVersion = "Xcode 3.2";
			developmentRegion = English;
			hasScannedForEncodings = 0;
			knownRegions = (
				en,
			);
			mainGroup = 93052A0313C2835000199561;
			productRefGroup = 93052A0F13C2835000199561 /* Products */;
			projectDirPath = "";
			projectRoot = "";
			targets = (
				93052A0D13C2835000199561 /* JPad */,
				93052A2B13C2835000199561 /* JPadTests */,
			);
		};
/* End PBXProject section */

/* Begin PBXResourcesBuildPhase section */
		93052A0C13C2835000199561 /* Resources */ = {
			isa = PBXResourcesBuildPhase;
			buildActionMask = 2147483647;
			files = (
				93052A1D13C2835000199561 /* InfoPlist.strings in Resources */,
				93E419C913CA3A8A005BA714 /* backgroundImage_repeat.png in Resources */,
				93E419DF13CA3C29005BA714 /* MainWindow.xib in Resources */,
				93E419FA13CA79B0005BA714 /* HotListViewController.xib in Resources */,
				93E41A1113CC198A005BA714 /* ProfileViewController.xib in Resources */,
				9385965613E7C9ED0059FDFD /* Notes.txt in Resources */,
				930B0EEC13EBC26E005D1E50 /* ScollProfile.xib in Resources */,
			);
			runOnlyForDeploymentPostprocessing = 0;
		};
		93052A2913C2835000199561 /* Resources */ = {
			isa = PBXResourcesBuildPhase;
			buildActionMask = 2147483647;
			files = (
				93052A3713C2835000199561 /* InfoPlist.strings in Resources */,
				93052A3A13C2835000199561 /* JPadTests.h in Resources */,
			);
			runOnlyForDeploymentPostprocessing = 0;
		};
/* End PBXResourcesBuildPhase section */

/* Begin PBXShellScriptBuildPhase section */
		93052A2A13C2835000199561 /* ShellScript */ = {
			isa = PBXShellScriptBuildPhase;
			buildActionMask = 2147483647;
			files = (
			);
			inputPaths = (
			);
			outputPaths = (
			);
			runOnlyForDeploymentPostprocessing = 0;
			shellPath = /bin/sh;
			shellScript = "# Run the unit tests in this test bundle.\n\"${SYSTEM_DEVELOPER_DIR}/Tools/RunUnitTests\"\n";
		};
/* End PBXShellScriptBuildPhase section */

/* Begin PBXSourcesBuildPhase section */
		93052A0A13C2835000199561 /* Sources */ = {
			isa = PBXSourcesBuildPhase;
			buildActionMask = 2147483647;
			files = (
				93052A2013C2835000199561 /* main.m in Sources */,
				93052A2313C2835000199561 /* JPadAppDelegate.m in Sources */,
				93E4198713CA392F005BA714 /* MemberList.m in Sources */,
				93E4198813CA392F005BA714 /* MiniProfile.m in Sources */,
				93E419A213CA393F005BA714 /* NSObject+SBJson.m in Sources */,
				93E419A313CA393F005BA714 /* SBJsonParser.m in Sources */,
				93E419A413CA393F005BA714 /* SBJsonStreamParser.m in Sources */,
				93E419A513CA393F005BA714 /* SBJsonStreamParserAccumulator.m in Sources */,
				93E419A613CA393F005BA714 /* SBJsonStreamParserAdapter.m in Sources */,
				93E419A713CA393F005BA714 /* SBJsonStreamParserState.m in Sources */,
				93E419A813CA393F005BA714 /* SBJsonStreamWriter.m in Sources */,
				93E419A913CA393F005BA714 /* SBJsonStreamWriterAccumulator.m in Sources */,
				93E419AA13CA393F005BA714 /* SBJsonStreamWriterState.m in Sources */,
				93E419AB13CA393F005BA714 /* SBJsonTokeniser.m in Sources */,
				93E419AC13CA393F005BA714 /* SBJsonUTF8Stream.m in Sources */,
				93E419AD13CA393F005BA714 /* SBJsonWriter.m in Sources */,
				93E419B013CA3953005BA714 /* DataFetcher.m in Sources */,
				93E419B313CA3960005BA714 /* MemberListViewController.m in Sources */,
				93E419D413CA3B06005BA714 /* DataViewController.m in Sources */,
				93E419D513CA3B06005BA714 /* MenuViewController.m in Sources */,
				93E419D613CA3B06005BA714 /* RootViewController.m in Sources */,
				93E419D713CA3B06005BA714 /* StackScrollViewAppDelegate.m in Sources */,
				93E419D813CA3B06005BA714 /* StackScrollViewController.m in Sources */,
				93E419DB13CA3B16005BA714 /* UIViewWithShadow.m in Sources */,
				93E419EF13CA51B0005BA714 /* Feature.m in Sources */,
				93E419F213CA725C005BA714 /* HotList.m in Sources */,
				93E419F513CA769A005BA714 /* HotListEntry.m in Sources */,
				93E419F913CA79B0005BA714 /* HotListViewController.m in Sources */,
				93E41A1013CC198A005BA714 /* ProfileViewController.m in Sources */,
				93E41A1513D244D4005BA714 /* ListBaseViewController.m in Sources */,
				93E41A1913D24701005BA714 /* ListBase.m in Sources */,
			);
			runOnlyForDeploymentPostprocessing = 0;
		};
		93052A2713C2835000199561 /* Sources */ = {
			isa = PBXSourcesBuildPhase;
			buildActionMask = 2147483647;
			files = (
				93052A3C13C2835000199561 /* JPadTests.m in Sources */,
			);
			runOnlyForDeploymentPostprocessing = 0;
		};
/* End PBXSourcesBuildPhase section */

/* Begin PBXTargetDependency section */
		93052A3113C2835000199561 /* PBXTargetDependency */ = {
			isa = PBXTargetDependency;
			target = 93052A0D13C2835000199561 /* JPad */;
			targetProxy = 93052A3013C2835000199561 /* PBXContainerItemProxy */;
		};
/* End PBXTargetDependency section */

/* Begin PBXVariantGroup section */
		93052A1B13C2835000199561 /* InfoPlist.strings */ = {
			isa = PBXVariantGroup;
			children = (
				93052A1C13C2835000199561 /* en */,
			);
			name = InfoPlist.strings;
			sourceTree = "<group>";
		};
		93052A3513C2835000199561 /* InfoPlist.strings */ = {
			isa = PBXVariantGroup;
			children = (
				93052A3613C2835000199561 /* en */,
			);
			name = InfoPlist.strings;
			sourceTree = "<group>";
		};
		93E419DD13CA3C29005BA714 /* MainWindow.xib */ = {
			isa = PBXVariantGroup;
			children = (
				93E419DE13CA3C29005BA714 /* en */,
			);
			name = MainWindow.xib;
			sourceTree = "<group>";
		};
/* End PBXVariantGroup section */

/* Begin XCBuildConfiguration section */
		93052A3D13C2835000199561 /* Debug */ = {
			isa = XCBuildConfiguration;
			buildSettings = {
				ARCHS = "$(ARCHS_UNIVERSAL_IPHONE_OS)";
				"CODE_SIGN_IDENTITY[sdk=iphoneos*]" = "iPhone Developer";
				GCC_C_LANGUAGE_STANDARD = gnu99;
				GCC_OPTIMIZATION_LEVEL = 0;
				GCC_PREPROCESSOR_DEFINITIONS = DEBUG;
				GCC_SYMBOLS_PRIVATE_EXTERN = NO;
				GCC_VERSION = com.apple.compilers.llvmgcc42;
				GCC_WARN_ABOUT_RETURN_TYPE = YES;
				GCC_WARN_UNUSED_VARIABLE = YES;
				IPHONEOS_DEPLOYMENT_TARGET = 4.3;
				SDKROOT = iphoneos;
				TARGETED_DEVICE_FAMILY = 2;
			};
			name = Debug;
		};
		93052A3E13C2835000199561 /* Release */ = {
			isa = XCBuildConfiguration;
			buildSettings = {
				ARCHS = "$(ARCHS_UNIVERSAL_IPHONE_OS)";
				"CODE_SIGN_IDENTITY[sdk=iphoneos*]" = "iPhone Developer";
				GCC_C_LANGUAGE_STANDARD = gnu99;
				GCC_VERSION = com.apple.compilers.llvmgcc42;
				GCC_WARN_ABOUT_RETURN_TYPE = YES;
				GCC_WARN_UNUSED_VARIABLE = YES;
				IPHONEOS_DEPLOYMENT_TARGET = 4.3;
				OTHER_CFLAGS = "-DNS_BLOCK_ASSERTIONS=1";
				SDKROOT = iphoneos;
				TARGETED_DEVICE_FAMILY = 2;
			};
			name = Release;
		};
		93052A4013C2835000199561 /* Debug */ = {
			isa = XCBuildConfiguration;
			buildSettings = {
				ALWAYS_SEARCH_USER_PATHS = NO;
				COPY_PHASE_STRIP = NO;
				FRAMEWORK_SEARCH_PATHS = (
					"$(inherited)",
					"\"$(SRCROOT)\"",
				);
				GCC_DYNAMIC_NO_PIC = NO;
				GCC_PRECOMPILE_PREFIX_HEADER = YES;
				GCC_PREFIX_HEADER = "JPad/JPad-Prefix.pch";
				INFOPLIST_FILE = "JPad/JPad-Info.plist";
				PRODUCT_NAME = "$(TARGET_NAME)";
				WRAPPER_EXTENSION = app;
			};
			name = Debug;
		};
		93052A4113C2835000199561 /* Release */ = {
			isa = XCBuildConfiguration;
			buildSettings = {
				ALWAYS_SEARCH_USER_PATHS = NO;
				COPY_PHASE_STRIP = YES;
				FRAMEWORK_SEARCH_PATHS = (
					"$(inherited)",
					"\"$(SRCROOT)\"",
				);
				GCC_PRECOMPILE_PREFIX_HEADER = YES;
				GCC_PREFIX_HEADER = "JPad/JPad-Prefix.pch";
				INFOPLIST_FILE = "JPad/JPad-Info.plist";
				PRODUCT_NAME = "$(TARGET_NAME)";
				VALIDATE_PRODUCT = YES;
				WRAPPER_EXTENSION = app;
			};
			name = Release;
		};
		93052A4313C2835000199561 /* Debug */ = {
			isa = XCBuildConfiguration;
			buildSettings = {
				ALWAYS_SEARCH_USER_PATHS = NO;
				ARCHS = "$(ARCHS_STANDARD_32_BIT)";
				BUNDLE_LOADER = "$(BUILT_PRODUCTS_DIR)/JPad.app/JPad";
				FRAMEWORK_SEARCH_PATHS = (
					"$(SDKROOT)/Developer/Library/Frameworks",
					"$(DEVELOPER_LIBRARY_DIR)/Frameworks",
				);
				GCC_PRECOMPILE_PREFIX_HEADER = YES;
				GCC_PREFIX_HEADER = "JPadTests/JPadTests-Prefix.pch";
				INFOPLIST_FILE = "JPadTests/JPadTests-Info.plist";
				OTHER_LDFLAGS = (
					"-framework",
					SenTestingKit,
				);
				PRODUCT_NAME = "$(TARGET_NAME)";
				TEST_HOST = "$(BUNDLE_LOADER)";
				WRAPPER_EXTENSION = octest;
			};
			name = Debug;
		};
		93052A4413C2835000199561 /* Release */ = {
			isa = XCBuildConfiguration;
			buildSettings = {
				ALWAYS_SEARCH_USER_PATHS = NO;
				ARCHS = "$(ARCHS_STANDARD_32_BIT)";
				BUNDLE_LOADER = "$(BUILT_PRODUCTS_DIR)/JPad.app/JPad";
				FRAMEWORK_SEARCH_PATHS = (
					"$(SDKROOT)/Developer/Library/Frameworks",
					"$(DEVELOPER_LIBRARY_DIR)/Frameworks",
				);
				GCC_PRECOMPILE_PREFIX_HEADER = YES;
				GCC_PREFIX_HEADER = "JPadTests/JPadTests-Prefix.pch";
				INFOPLIST_FILE = "JPadTests/JPadTests-Info.plist";
				OTHER_LDFLAGS = (
					"-framework",
					SenTestingKit,
				);
				PRODUCT_NAME = "$(TARGET_NAME)";
				TEST_HOST = "$(BUNDLE_LOADER)";
				WRAPPER_EXTENSION = octest;
			};
			name = Release;
		};
/* End XCBuildConfiguration section */

/* Begin XCConfigurationList section */
		93052A0813C2835000199561 /* Build configuration list for PBXProject "JPad" */ = {
			isa = XCConfigurationList;
			buildConfigurations = (
				93052A3D13C2835000199561 /* Debug */,
				93052A3E13C2835000199561 /* Release */,
			);
			defaultConfigurationIsVisible = 0;
			defaultConfigurationName = Release;
		};
		93052A3F13C2835000199561 /* Build configuration list for PBXNativeTarget "JPad" */ = {
			isa = XCConfigurationList;
			buildConfigurations = (
				93052A4013C2835000199561 /* Debug */,
				93052A4113C2835000199561 /* Release */,
			);
			defaultConfigurationIsVisible = 0;
			defaultConfigurationName = Release;
		};
		93052A4213C2835000199561 /* Build configuration list for PBXNativeTarget "JPadTests" */ = {
			isa = XCConfigurationList;
			buildConfigurations = (
				93052A4313C2835000199561 /* Debug */,
				93052A4413C2835000199561 /* Release */,
			);
			defaultConfigurationIsVisible = 0;
			defaultConfigurationName = Release;
		};
/* End XCConfigurationList section */
	};
	rootObject = 93052A0513C2835000199561 /* Project object */;
}
