// !$*UTF8*$!
{
	archiveVersion = 1;
	classes = {
	};
	objectVersion = 46;
	objects = {

/* Begin PBXBuildFile section */
		93052A1313C2835000199561 /* UIKit.framework in Frameworks */ = {isa = PBXBuildFile; fileRef = 93052A1213C2835000199561 /* UIKit.framework */; };
		93052A1513C2835000199561 /* Foundation.framework in Frameworks */ = {isa = PBXBuildFile; fileRef = 93052A1413C2835000199561 /* Foundation.framework */; };
		93052A1713C2835000199561 /* CoreGraphics.framework in Frameworks */ = {isa = PBXBuildFile; fileRef = 93052A1613C2835000199561 /* CoreGraphics.framework */; };
		93052A1D13C2835000199561 /* InfoPlist.strings in Resources */ = {isa = PBXBuildFile; fileRef = 93052A1B13C2835000199561 /* InfoPlist.strings */; };
		93052A2013C2835000199561 /* main.m in Sources */ = {isa = PBXBuildFile; fileRef = 93052A1F13C2835000199561 /* main.m */; };
		93052A2313C2835000199561 /* JPadAppDelegate.m in Sources */ = {isa = PBXBuildFile; fileRef = 93052A2213C2835000199561 /* JPadAppDelegate.m */; };
		93052A2613C2835000199561 /* MainWindow.xib in Resources */ = {isa = PBXBuildFile; fileRef = 93052A2413C2835000199561 /* MainWindow.xib */; };
		93052A2D13C2835000199561 /* UIKit.framework in Frameworks */ = {isa = PBXBuildFile; fileRef = 93052A1213C2835000199561 /* UIKit.framework */; };
		93052A2E13C2835000199561 /* Foundation.framework in Frameworks */ = {isa = PBXBuildFile; fileRef = 93052A1413C2835000199561 /* Foundation.framework */; };
		93052A2F13C2835000199561 /* CoreGraphics.framework in Frameworks */ = {isa = PBXBuildFile; fileRef = 93052A1613C2835000199561 /* CoreGraphics.framework */; };
		93052A3713C2835000199561 /* InfoPlist.strings in Resources */ = {isa = PBXBuildFile; fileRef = 93052A3513C2835000199561 /* InfoPlist.strings */; };
		93052A3A13C2835000199561 /* JPadTests.h in Resources */ = {isa = PBXBuildFile; fileRef = 93052A3913C2835000199561 /* JPadTests.h */; };
		93052A3C13C2835000199561 /* JPadTests.m in Sources */ = {isa = PBXBuildFile; fileRef = 93052A3B13C2835000199561 /* JPadTests.m */; };
		93052A4813C283CB00199561 /* MemberListTableViewController.m in Sources */ = {isa = PBXBuildFile; fileRef = 93052A4613C283CB00199561 /* MemberListTableViewController.m */; };
		93052A4913C283CB00199561 /* MemberListViewController.xib in Resources */ = {isa = PBXBuildFile; fileRef = 93052A4713C283CB00199561 /* MemberListViewController.xib */; };
		93052A6013C285CE00199561 /* DataFetcher.m in Sources */ = {isa = PBXBuildFile; fileRef = 93052A5F13C285CE00199561 /* DataFetcher.m */; };
		93052A6613C285E300199561 /* MiniProfile.m in Sources */ = {isa = PBXBuildFile; fileRef = 93052A6313C285E300199561 /* MiniProfile.m */; };
		93052A6713C285E300199561 /* MemberList.m in Sources */ = {isa = PBXBuildFile; fileRef = 93052A6513C285E300199561 /* MemberList.m */; };
		93052A8113C285F300199561 /* NSObject+SBJson.m in Sources */ = {isa = PBXBuildFile; fileRef = 93052A6913C285F300199561 /* NSObject+SBJson.m */; };
		93052A8213C285F300199561 /* SBJsonParser.m in Sources */ = {isa = PBXBuildFile; fileRef = 93052A6C13C285F300199561 /* SBJsonParser.m */; };
		93052A8313C285F300199561 /* SBJsonStreamParser.m in Sources */ = {isa = PBXBuildFile; fileRef = 93052A6E13C285F300199561 /* SBJsonStreamParser.m */; };
		93052A8413C285F300199561 /* SBJsonStreamParserAccumulator.m in Sources */ = {isa = PBXBuildFile; fileRef = 93052A7013C285F300199561 /* SBJsonStreamParserAccumulator.m */; };
		93052A8513C285F300199561 /* SBJsonStreamParserAdapter.m in Sources */ = {isa = PBXBuildFile; fileRef = 93052A7213C285F300199561 /* SBJsonStreamParserAdapter.m */; };
		93052A8613C285F300199561 /* SBJsonStreamParserState.m in Sources */ = {isa = PBXBuildFile; fileRef = 93052A7413C285F300199561 /* SBJsonStreamParserState.m */; };
		93052A8713C285F300199561 /* SBJsonStreamWriter.m in Sources */ = {isa = PBXBuildFile; fileRef = 93052A7613C285F300199561 /* SBJsonStreamWriter.m */; };
		93052A8813C285F300199561 /* SBJsonStreamWriterAccumulator.m in Sources */ = {isa = PBXBuildFile; fileRef = 93052A7813C285F300199561 /* SBJsonStreamWriterAccumulator.m */; };
		93052A8913C285F300199561 /* SBJsonStreamWriterState.m in Sources */ = {isa = PBXBuildFile; fileRef = 93052A7A13C285F300199561 /* SBJsonStreamWriterState.m */; };
		93052A8A13C285F300199561 /* SBJsonTokeniser.m in Sources */ = {isa = PBXBuildFile; fileRef = 93052A7C13C285F300199561 /* SBJsonTokeniser.m */; };
		93052A8B13C285F300199561 /* SBJsonUTF8Stream.m in Sources */ = {isa = PBXBuildFile; fileRef = 93052A7E13C285F300199561 /* SBJsonUTF8Stream.m */; };
		93052A8C13C285F300199561 /* SBJsonWriter.m in Sources */ = {isa = PBXBuildFile; fileRef = 93052A8013C285F300199561 /* SBJsonWriter.m */; };
/* End PBXBuildFile section */

/* Begin PBXContainerItemProxy section */
		93052A3013C2835000199561 /* PBXContainerItemProxy */ = {
			isa = PBXContainerItemProxy;
			containerPortal = 93052A0513C2835000199561 /* Project object */;
			proxyType = 1;
			remoteGlobalIDString = 93052A0D13C2835000199561;
			remoteInfo = JPad;
		};
/* End PBXContainerItemProxy section */

/* Begin PBXFileReference section */
		93052A0E13C2835000199561 /* JPad.app */ = {isa = PBXFileReference; explicitFileType = wrapper.application; includeInIndex = 0; path = JPad.app; sourceTree = BUILT_PRODUCTS_DIR; };
		93052A1213C2835000199561 /* UIKit.framework */ = {isa = PBXFileReference; lastKnownFileType = wrapper.framework; name = UIKit.framework; path = System/Library/Frameworks/UIKit.framework; sourceTree = SDKROOT; };
		93052A1413C2835000199561 /* Foundation.framework */ = {isa = PBXFileReference; lastKnownFileType = wrapper.framework; name = Foundation.framework; path = System/Library/Frameworks/Foundation.framework; sourceTree = SDKROOT; };
		93052A1613C2835000199561 /* CoreGraphics.framework */ = {isa = PBXFileReference; lastKnownFileType = wrapper.framework; name = CoreGraphics.framework; path = System/Library/Frameworks/CoreGraphics.framework; sourceTree = SDKROOT; };
		93052A1A13C2835000199561 /* JPad-Info.plist */ = {isa = PBXFileReference; lastKnownFileType = text.plist.xml; path = "JPad-Info.plist"; sourceTree = "<group>"; };
		93052A1C13C2835000199561 /* en */ = {isa = PBXFileReference; lastKnownFileType = text.plist.strings; name = en; path = en.lproj/InfoPlist.strings; sourceTree = "<group>"; };
		93052A1E13C2835000199561 /* JPad-Prefix.pch */ = {isa = PBXFileReference; lastKnownFileType = sourcecode.c.h; path = "JPad-Prefix.pch"; sourceTree = "<group>"; };
		93052A1F13C2835000199561 /* main.m */ = {isa = PBXFileReference; lastKnownFileType = sourcecode.c.objc; path = main.m; sourceTree = "<group>"; };
		93052A2113C2835000199561 /* JPadAppDelegate.h */ = {isa = PBXFileReference; lastKnownFileType = sourcecode.c.h; path = JPadAppDelegate.h; sourceTree = "<group>"; };
		93052A2213C2835000199561 /* JPadAppDelegate.m */ = {isa = PBXFileReference; lastKnownFileType = sourcecode.c.objc; path = JPadAppDelegate.m; sourceTree = "<group>"; };
		93052A2513C2835000199561 /* en */ = {isa = PBXFileReference; lastKnownFileType = file.xib; name = en; path = en.lproj/MainWindow.xib; sourceTree = "<group>"; };
		93052A2C13C2835000199561 /* JPadTests.octest */ = {isa = PBXFileReference; explicitFileType = wrapper.cfbundle; includeInIndex = 0; path = JPadTests.octest; sourceTree = BUILT_PRODUCTS_DIR; };
		93052A3413C2835000199561 /* JPadTests-Info.plist */ = {isa = PBXFileReference; lastKnownFileType = text.plist.xml; path = "JPadTests-Info.plist"; sourceTree = "<group>"; };
		93052A3613C2835000199561 /* en */ = {isa = PBXFileReference; lastKnownFileType = text.plist.strings; name = en; path = en.lproj/InfoPlist.strings; sourceTree = "<group>"; };
		93052A3813C2835000199561 /* JPadTests-Prefix.pch */ = {isa = PBXFileReference; lastKnownFileType = sourcecode.c.h; path = "JPadTests-Prefix.pch"; sourceTree = "<group>"; };
		93052A3913C2835000199561 /* JPadTests.h */ = {isa = PBXFileReference; lastKnownFileType = sourcecode.c.h; path = JPadTests.h; sourceTree = "<group>"; };
		93052A3B13C2835000199561 /* JPadTests.m */ = {isa = PBXFileReference; lastKnownFileType = sourcecode.c.objc; path = JPadTests.m; sourceTree = "<group>"; };
		93052A4513C283CB00199561 /* MemberListTableViewController.h */ = {isa = PBXFileReference; fileEncoding = 4; path = MemberListTableViewController.h; sourceTree = "<group>"; };
		93052A4613C283CB00199561 /* MemberListTableViewController.m */ = {isa = PBXFileReference; fileEncoding = 4; lastKnownFileType = sourcecode.c.objc; path = MemberListTableViewController.m; sourceTree = "<group>"; };
		93052A4713C283CB00199561 /* MemberListViewController.xib */ = {isa = PBXFileReference; fileEncoding = 4; lastKnownFileType = file.xib; path = MemberListViewController.xib; sourceTree = "<group>"; };
		93052A5E13C285BF00199561 /* DataFetcher.h */ = {isa = PBXFileReference; fileEncoding = 4; lastKnownFileType = sourcecode.c.h; path = DataFetcher.h; sourceTree = "<group>"; };
		93052A5F13C285CE00199561 /* DataFetcher.m */ = {isa = PBXFileReference; fileEncoding = 4; lastKnownFileType = sourcecode.c.objc; path = DataFetcher.m; sourceTree = "<group>"; };
		93052A6113C285E300199561 /* SerializeProtocol.h */ = {isa = PBXFileReference; fileEncoding = 4; lastKnownFileType = sourcecode.c.h; path = SerializeProtocol.h; sourceTree = "<group>"; };
		93052A6213C285E300199561 /* MiniProfile.h */ = {isa = PBXFileReference; fileEncoding = 4; lastKnownFileType = sourcecode.c.h; path = MiniProfile.h; sourceTree = "<group>"; };
		93052A6313C285E300199561 /* MiniProfile.m */ = {isa = PBXFileReference; fileEncoding = 4; lastKnownFileType = sourcecode.c.objc; path = MiniProfile.m; sourceTree = "<group>"; };
		93052A6413C285E300199561 /* MemberList.h */ = {isa = PBXFileReference; fileEncoding = 4; lastKnownFileType = sourcecode.c.h; path = MemberList.h; sourceTree = "<group>"; };
		93052A6513C285E300199561 /* MemberList.m */ = {isa = PBXFileReference; fileEncoding = 4; lastKnownFileType = sourcecode.c.objc; path = MemberList.m; sourceTree = "<group>"; };
		93052A6813C285F300199561 /* NSObject+SBJson.h */ = {isa = PBXFileReference; fileEncoding = 4; lastKnownFileType = sourcecode.c.h; path = "NSObject+SBJson.h"; sourceTree = "<group>"; };
		93052A6913C285F300199561 /* NSObject+SBJson.m */ = {isa = PBXFileReference; fileEncoding = 4; lastKnownFileType = sourcecode.c.objc; path = "NSObject+SBJson.m"; sourceTree = "<group>"; };
		93052A6A13C285F300199561 /* SBJson.h */ = {isa = PBXFileReference; fileEncoding = 4; lastKnownFileType = sourcecode.c.h; path = SBJson.h; sourceTree = "<group>"; };
		93052A6B13C285F300199561 /* SBJsonParser.h */ = {isa = PBXFileReference; fileEncoding = 4; lastKnownFileType = sourcecode.c.h; path = SBJsonParser.h; sourceTree = "<group>"; };
		93052A6C13C285F300199561 /* SBJsonParser.m */ = {isa = PBXFileReference; fileEncoding = 4; lastKnownFileType = sourcecode.c.objc; path = SBJsonParser.m; sourceTree = "<group>"; };
		93052A6D13C285F300199561 /* SBJsonStreamParser.h */ = {isa = PBXFileReference; fileEncoding = 4; lastKnownFileType = sourcecode.c.h; path = SBJsonStreamParser.h; sourceTree = "<group>"; };
		93052A6E13C285F300199561 /* SBJsonStreamParser.m */ = {isa = PBXFileReference; fileEncoding = 4; lastKnownFileType = sourcecode.c.objc; path = SBJsonStreamParser.m; sourceTree = "<group>"; };
		93052A6F13C285F300199561 /* SBJsonStreamParserAccumulator.h */ = {isa = PBXFileReference; fileEncoding = 4; lastKnownFileType = sourcecode.c.h; path = SBJsonStreamParserAccumulator.h; sourceTree = "<group>"; };
		93052A7013C285F300199561 /* SBJsonStreamParserAccumulator.m */ = {isa = PBXFileReference; fileEncoding = 4; lastKnownFileType = sourcecode.c.objc; path = SBJsonStreamParserAccumulator.m; sourceTree = "<group>"; };
		93052A7113C285F300199561 /* SBJsonStreamParserAdapter.h */ = {isa = PBXFileReference; fileEncoding = 4; lastKnownFileType = sourcecode.c.h; path = SBJsonStreamParserAdapter.h; sourceTree = "<group>"; };
		93052A7213C285F300199561 /* SBJsonStreamParserAdapter.m */ = {isa = PBXFileReference; fileEncoding = 4; lastKnownFileType = sourcecode.c.objc; path = SBJsonStreamParserAdapter.m; sourceTree = "<group>"; };
		93052A7313C285F300199561 /* SBJsonStreamParserState.h */ = {isa = PBXFileReference; fileEncoding = 4; lastKnownFileType = sourcecode.c.h; path = SBJsonStreamParserState.h; sourceTree = "<group>"; };
		93052A7413C285F300199561 /* SBJsonStreamParserState.m */ = {isa = PBXFileReference; fileEncoding = 4; lastKnownFileType = sourcecode.c.objc; path = SBJsonStreamParserState.m; sourceTree = "<group>"; };
		93052A7513C285F300199561 /* SBJsonStreamWriter.h */ = {isa = PBXFileReference; fileEncoding = 4; lastKnownFileType = sourcecode.c.h; path = SBJsonStreamWriter.h; sourceTree = "<group>"; };
		93052A7613C285F300199561 /* SBJsonStreamWriter.m */ = {isa = PBXFileReference; fileEncoding = 4; lastKnownFileType = sourcecode.c.objc; path = SBJsonStreamWriter.m; sourceTree = "<group>"; };
		93052A7713C285F300199561 /* SBJsonStreamWriterAccumulator.h */ = {isa = PBXFileReference; fileEncoding = 4; lastKnownFileType = sourcecode.c.h; path = SBJsonStreamWriterAccumulator.h; sourceTree = "<group>"; };
		93052A7813C285F300199561 /* SBJsonStreamWriterAccumulator.m */ = {isa = PBXFileReference; fileEncoding = 4; lastKnownFileType = sourcecode.c.objc; path = SBJsonStreamWriterAccumulator.m; sourceTree = "<group>"; };
		93052A7913C285F300199561 /* SBJsonStreamWriterState.h */ = {isa = PBXFileReference; fileEncoding = 4; lastKnownFileType = sourcecode.c.h; path = SBJsonStreamWriterState.h; sourceTree = "<group>"; };
		93052A7A13C285F300199561 /* SBJsonStreamWriterState.m */ = {isa = PBXFileReference; fileEncoding = 4; lastKnownFileType = sourcecode.c.objc; path = SBJsonStreamWriterState.m; sourceTree = "<group>"; };
		93052A7B13C285F300199561 /* SBJsonTokeniser.h */ = {isa = PBXFileReference; fileEncoding = 4; lastKnownFileType = sourcecode.c.h; path = SBJsonTokeniser.h; sourceTree = "<group>"; };
		93052A7C13C285F300199561 /* SBJsonTokeniser.m */ = {isa = PBXFileReference; fileEncoding = 4; lastKnownFileType = sourcecode.c.objc; path = SBJsonTokeniser.m; sourceTree = "<group>"; };
		93052A7D13C285F300199561 /* SBJsonUTF8Stream.h */ = {isa = PBXFileReference; fileEncoding = 4; lastKnownFileType = sourcecode.c.h; path = SBJsonUTF8Stream.h; sourceTree = "<group>"; };
		93052A7E13C285F300199561 /* SBJsonUTF8Stream.m */ = {isa = PBXFileReference; fileEncoding = 4; lastKnownFileType = sourcecode.c.objc; path = SBJsonUTF8Stream.m; sourceTree = "<group>"; };
		93052A7F13C285F300199561 /* SBJsonWriter.h */ = {isa = PBXFileReference; fileEncoding = 4; lastKnownFileType = sourcecode.c.h; path = SBJsonWriter.h; sourceTree = "<group>"; };
		93052A8013C285F300199561 /* SBJsonWriter.m */ = {isa = PBXFileReference; fileEncoding = 4; lastKnownFileType = sourcecode.c.objc; path = SBJsonWriter.m; sourceTree = "<group>"; };
/* End PBXFileReference section */

/* Begin PBXFrameworksBuildPhase section */
		93052A0B13C2835000199561 /* Frameworks */ = {
			isa = PBXFrameworksBuildPhase;
			buildActionMask = 2147483647;
			files = (
				93052A1313C2835000199561 /* UIKit.framework in Frameworks */,
				93052A1513C2835000199561 /* Foundation.framework in Frameworks */,
				93052A1713C2835000199561 /* CoreGraphics.framework in Frameworks */,
			);
			runOnlyForDeploymentPostprocessing = 0;
		};
		93052A2813C2835000199561 /* Frameworks */ = {
			isa = PBXFrameworksBuildPhase;
			buildActionMask = 2147483647;
			files = (
				93052A2D13C2835000199561 /* UIKit.framework in Frameworks */,
				93052A2E13C2835000199561 /* Foundation.framework in Frameworks */,
				93052A2F13C2835000199561 /* CoreGraphics.framework in Frameworks */,
			);
			runOnlyForDeploymentPostprocessing = 0;
		};
/* End PBXFrameworksBuildPhase section */

/* Begin PBXGroup section */
		93052A0313C2835000199561 = {
			isa = PBXGroup;
			children = (
				93052A1813C2835000199561 /* JPad */,
				93052A3213C2835000199561 /* JPadTests */,
				93052A1113C2835000199561 /* Frameworks */,
				93052A0F13C2835000199561 /* Products */,
			);
			sourceTree = "<group>";
		};
		93052A0F13C2835000199561 /* Products */ = {
			isa = PBXGroup;
			children = (
				93052A0E13C2835000199561 /* JPad.app */,
				93052A2C13C2835000199561 /* JPadTests.octest */,
			);
			name = Products;
			sourceTree = "<group>";
		};
		93052A1113C2835000199561 /* Frameworks */ = {
			isa = PBXGroup;
			children = (
				93052A1213C2835000199561 /* UIKit.framework */,
				93052A1413C2835000199561 /* Foundation.framework */,
				93052A1613C2835000199561 /* CoreGraphics.framework */,
			);
			name = Frameworks;
			sourceTree = "<group>";
		};
		93052A1813C2835000199561 /* JPad */ = {
			isa = PBXGroup;
			children = (
				93052A5D13C2858300199561 /* Models */,
				93052A5C13C2857500199561 /* SBJson */,
				93052A5B13C2856100199561 /* DataAccess */,
				93052A4A13C284F300199561 /* Controllers */,
				93052A2113C2835000199561 /* JPadAppDelegate.h */,
				93052A2213C2835000199561 /* JPadAppDelegate.m */,
				93052A2413C2835000199561 /* MainWindow.xib */,
				93052A1913C2835000199561 /* Supporting Files */,
			);
			path = JPad;
			sourceTree = "<group>";
		};
		93052A1913C2835000199561 /* Supporting Files */ = {
			isa = PBXGroup;
			children = (
				93052A1A13C2835000199561 /* JPad-Info.plist */,
				93052A1B13C2835000199561 /* InfoPlist.strings */,
				93052A1E13C2835000199561 /* JPad-Prefix.pch */,
				93052A1F13C2835000199561 /* main.m */,
			);
			name = "Supporting Files";
			sourceTree = "<group>";
		};
		93052A3213C2835000199561 /* JPadTests */ = {
			isa = PBXGroup;
			children = (
				93052A3913C2835000199561 /* JPadTests.h */,
				93052A3B13C2835000199561 /* JPadTests.m */,
				93052A3313C2835000199561 /* Supporting Files */,
			);
			path = JPadTests;
			sourceTree = "<group>";
		};
		93052A3313C2835000199561 /* Supporting Files */ = {
			isa = PBXGroup;
			children = (
				93052A3413C2835000199561 /* JPadTests-Info.plist */,
				93052A3513C2835000199561 /* InfoPlist.strings */,
				93052A3813C2835000199561 /* JPadTests-Prefix.pch */,
			);
			name = "Supporting Files";
			sourceTree = "<group>";
		};
		93052A4A13C284F300199561 /* Controllers */ = {
			isa = PBXGroup;
			children = (
				93052A4513C283CB00199561 /* MemberListTableViewController.h */,
				93052A4613C283CB00199561 /* MemberListTableViewController.m */,
				93052A4713C283CB00199561 /* MemberListViewController.xib */,
			);
			name = Controllers;
			sourceTree = "<group>";
		};
		93052A5B13C2856100199561 /* DataAccess */ = {
			isa = PBXGroup;
			children = (
				93052A5F13C285CE00199561 /* DataFetcher.m */,
				93052A5E13C285BF00199561 /* DataFetcher.h */,
			);
			name = DataAccess;
			sourceTree = "<group>";
		};
		93052A5C13C2857500199561 /* SBJson */ = {
			isa = PBXGroup;
			children = (
				93052A6813C285F300199561 /* NSObject+SBJson.h */,
				93052A6913C285F300199561 /* NSObject+SBJson.m */,
				93052A6A13C285F300199561 /* SBJson.h */,
				93052A6B13C285F300199561 /* SBJsonParser.h */,
				93052A6C13C285F300199561 /* SBJsonParser.m */,
				93052A6D13C285F300199561 /* SBJsonStreamParser.h */,
				93052A6E13C285F300199561 /* SBJsonStreamParser.m */,
				93052A6F13C285F300199561 /* SBJsonStreamParserAccumulator.h */,
				93052A7013C285F300199561 /* SBJsonStreamParserAccumulator.m */,
				93052A7113C285F300199561 /* SBJsonStreamParserAdapter.h */,
				93052A7213C285F300199561 /* SBJsonStreamParserAdapter.m */,
				93052A7313C285F300199561 /* SBJsonStreamParserState.h */,
				93052A7413C285F300199561 /* SBJsonStreamParserState.m */,
				93052A7513C285F300199561 /* SBJsonStreamWriter.h */,
				93052A7613C285F300199561 /* SBJsonStreamWriter.m */,
				93052A7713C285F300199561 /* SBJsonStreamWriterAccumulator.h */,
				93052A7813C285F300199561 /* SBJsonStreamWriterAccumulator.m */,
				93052A7913C285F300199561 /* SBJsonStreamWriterState.h */,
				93052A7A13C285F300199561 /* SBJsonStreamWriterState.m */,
				93052A7B13C285F300199561 /* SBJsonTokeniser.h */,
				93052A7C13C285F300199561 /* SBJsonTokeniser.m */,
				93052A7D13C285F300199561 /* SBJsonUTF8Stream.h */,
				93052A7E13C285F300199561 /* SBJsonUTF8Stream.m */,
				93052A7F13C285F300199561 /* SBJsonWriter.h */,
				93052A8013C285F300199561 /* SBJsonWriter.m */,
			);
			name = SBJson;
			sourceTree = "<group>";
		};
		93052A5D13C2858300199561 /* Models */ = {
			isa = PBXGroup;
			children = (
				93052A6113C285E300199561 /* SerializeProtocol.h */,
				93052A6213C285E300199561 /* MiniProfile.h */,
				93052A6313C285E300199561 /* MiniProfile.m */,
				93052A6413C285E300199561 /* MemberList.h */,
				93052A6513C285E300199561 /* MemberList.m */,
			);
			name = Models;
			sourceTree = "<group>";
		};
/* End PBXGroup section */

/* Begin PBXNativeTarget section */
		93052A0D13C2835000199561 /* JPad */ = {
			isa = PBXNativeTarget;
			buildConfigurationList = 93052A3F13C2835000199561 /* Build configuration list for PBXNativeTarget "JPad" */;
			buildPhases = (
				93052A0A13C2835000199561 /* Sources */,
				93052A0B13C2835000199561 /* Frameworks */,
				93052A0C13C2835000199561 /* Resources */,
			);
			buildRules = (
			);
			dependencies = (
			);
			name = JPad;
			productName = JPad;
			productReference = 93052A0E13C2835000199561 /* JPad.app */;
			productType = "com.apple.product-type.application";
		};
		93052A2B13C2835000199561 /* JPadTests */ = {
			isa = PBXNativeTarget;
			buildConfigurationList = 93052A4213C2835000199561 /* Build configuration list for PBXNativeTarget "JPadTests" */;
			buildPhases = (
				93052A2713C2835000199561 /* Sources */,
				93052A2813C2835000199561 /* Frameworks */,
				93052A2913C2835000199561 /* Resources */,
				93052A2A13C2835000199561 /* ShellScript */,
			);
			buildRules = (
			);
			dependencies = (
				93052A3113C2835000199561 /* PBXTargetDependency */,
			);
			name = JPadTests;
			productName = JPadTests;
			productReference = 93052A2C13C2835000199561 /* JPadTests.octest */;
			productType = "com.apple.product-type.bundle";
		};
/* End PBXNativeTarget section */

/* Begin PBXProject section */
		93052A0513C2835000199561 /* Project object */ = {
			isa = PBXProject;
			buildConfigurationList = 93052A0813C2835000199561 /* Build configuration list for PBXProject "JPad" */;
			compatibilityVersion = "Xcode 3.2";
			developmentRegion = English;
			hasScannedForEncodings = 0;
			knownRegions = (
				en,
			);
			mainGroup = 93052A0313C2835000199561;
			productRefGroup = 93052A0F13C2835000199561 /* Products */;
			projectDirPath = "";
			projectRoot = "";
			targets = (
				93052A0D13C2835000199561 /* JPad */,
				93052A2B13C2835000199561 /* JPadTests */,
			);
		};
/* End PBXProject section */

/* Begin PBXResourcesBuildPhase section */
		93052A0C13C2835000199561 /* Resources */ = {
			isa = PBXResourcesBuildPhase;
			buildActionMask = 2147483647;
			files = (
				93052A1D13C2835000199561 /* InfoPlist.strings in Resources */,
				93052A2613C2835000199561 /* MainWindow.xib in Resources */,
				93052A4913C283CB00199561 /* MemberListViewController.xib in Resources */,
			);
			runOnlyForDeploymentPostprocessing = 0;
		};
		93052A2913C2835000199561 /* Resources */ = {
			isa = PBXResourcesBuildPhase;
			buildActionMask = 2147483647;
			files = (
				93052A3713C2835000199561 /* InfoPlist.strings in Resources */,
				93052A3A13C2835000199561 /* JPadTests.h in Resources */,
			);
			runOnlyForDeploymentPostprocessing = 0;
		};
/* End PBXResourcesBuildPhase section */

/* Begin PBXShellScriptBuildPhase section */
		93052A2A13C2835000199561 /* ShellScript */ = {
			isa = PBXShellScriptBuildPhase;
			buildActionMask = 2147483647;
			files = (
			);
			inputPaths = (
			);
			outputPaths = (
			);
			runOnlyForDeploymentPostprocessing = 0;
			shellPath = /bin/sh;
			shellScript = "# Run the unit tests in this test bundle.\n\"${SYSTEM_DEVELOPER_DIR}/Tools/RunUnitTests\"\n";
		};
/* End PBXShellScriptBuildPhase section */

/* Begin PBXSourcesBuildPhase section */
		93052A0A13C2835000199561 /* Sources */ = {
			isa = PBXSourcesBuildPhase;
			buildActionMask = 2147483647;
			files = (
				93052A2013C2835000199561 /* main.m in Sources */,
				93052A2313C2835000199561 /* JPadAppDelegate.m in Sources */,
				93052A4813C283CB00199561 /* MemberListTableViewController.m in Sources */,
				93052A6013C285CE00199561 /* DataFetcher.m in Sources */,
				93052A6613C285E300199561 /* MiniProfile.m in Sources */,
				93052A6713C285E300199561 /* MemberList.m in Sources */,
				93052A8113C285F300199561 /* NSObject+SBJson.m in Sources */,
				93052A8213C285F300199561 /* SBJsonParser.m in Sources */,
				93052A8313C285F300199561 /* SBJsonStreamParser.m in Sources */,
				93052A8413C285F300199561 /* SBJsonStreamParserAccumulator.m in Sources */,
				93052A8513C285F300199561 /* SBJsonStreamParserAdapter.m in Sources */,
				93052A8613C285F300199561 /* SBJsonStreamParserState.m in Sources */,
				93052A8713C285F300199561 /* SBJsonStreamWriter.m in Sources */,
				93052A8813C285F300199561 /* SBJsonStreamWriterAccumulator.m in Sources */,
				93052A8913C285F300199561 /* SBJsonStreamWriterState.m in Sources */,
				93052A8A13C285F300199561 /* SBJsonTokeniser.m in Sources */,
				93052A8B13C285F300199561 /* SBJsonUTF8Stream.m in Sources */,
				93052A8C13C285F300199561 /* SBJsonWriter.m in Sources */,
			);
			runOnlyForDeploymentPostprocessing = 0;
		};
		93052A2713C2835000199561 /* Sources */ = {
			isa = PBXSourcesBuildPhase;
			buildActionMask = 2147483647;
			files = (
				93052A3C13C2835000199561 /* JPadTests.m in Sources */,
			);
			runOnlyForDeploymentPostprocessing = 0;
		};
/* End PBXSourcesBuildPhase section */

/* Begin PBXTargetDependency section */
		93052A3113C2835000199561 /* PBXTargetDependency */ = {
			isa = PBXTargetDependency;
			target = 93052A0D13C2835000199561 /* JPad */;
			targetProxy = 93052A3013C2835000199561 /* PBXContainerItemProxy */;
		};
/* End PBXTargetDependency section */

/* Begin PBXVariantGroup section */
		93052A1B13C2835000199561 /* InfoPlist.strings */ = {
			isa = PBXVariantGroup;
			children = (
				93052A1C13C2835000199561 /* en */,
			);
			name = InfoPlist.strings;
			sourceTree = "<group>";
		};
		93052A2413C2835000199561 /* MainWindow.xib */ = {
			isa = PBXVariantGroup;
			children = (
				93052A2513C2835000199561 /* en */,
			);
			name = MainWindow.xib;
			sourceTree = "<group>";
		};
		93052A3513C2835000199561 /* InfoPlist.strings */ = {
			isa = PBXVariantGroup;
			children = (
				93052A3613C2835000199561 /* en */,
			);
			name = InfoPlist.strings;
			sourceTree = "<group>";
		};
/* End PBXVariantGroup section */

/* Begin XCBuildConfiguration section */
		93052A3D13C2835000199561 /* Debug */ = {
			isa = XCBuildConfiguration;
			buildSettings = {
				ARCHS = "$(ARCHS_UNIVERSAL_IPHONE_OS)";
				"CODE_SIGN_IDENTITY[sdk=iphoneos*]" = "iPhone Developer";
				GCC_C_LANGUAGE_STANDARD = gnu99;
				GCC_OPTIMIZATION_LEVEL = 0;
				GCC_PREPROCESSOR_DEFINITIONS = DEBUG;
				GCC_SYMBOLS_PRIVATE_EXTERN = NO;
				GCC_VERSION = com.apple.compilers.llvmgcc42;
				GCC_WARN_ABOUT_RETURN_TYPE = YES;
				GCC_WARN_UNUSED_VARIABLE = YES;
				IPHONEOS_DEPLOYMENT_TARGET = 4.3;
				SDKROOT = iphoneos;
				TARGETED_DEVICE_FAMILY = 2;
			};
			name = Debug;
		};
		93052A3E13C2835000199561 /* Release */ = {
			isa = XCBuildConfiguration;
			buildSettings = {
				ARCHS = "$(ARCHS_UNIVERSAL_IPHONE_OS)";
				"CODE_SIGN_IDENTITY[sdk=iphoneos*]" = "iPhone Developer";
				GCC_C_LANGUAGE_STANDARD = gnu99;
				GCC_VERSION = com.apple.compilers.llvmgcc42;
				GCC_WARN_ABOUT_RETURN_TYPE = YES;
				GCC_WARN_UNUSED_VARIABLE = YES;
				IPHONEOS_DEPLOYMENT_TARGET = 4.3;
				OTHER_CFLAGS = "-DNS_BLOCK_ASSERTIONS=1";
				SDKROOT = iphoneos;
				TARGETED_DEVICE_FAMILY = 2;
			};
			name = Release;
		};
		93052A4013C2835000199561 /* Debug */ = {
			isa = XCBuildConfiguration;
			buildSettings = {
				ALWAYS_SEARCH_USER_PATHS = NO;
				COPY_PHASE_STRIP = NO;
				GCC_DYNAMIC_NO_PIC = NO;
				GCC_PRECOMPILE_PREFIX_HEADER = YES;
				GCC_PREFIX_HEADER = "JPad/JPad-Prefix.pch";
				INFOPLIST_FILE = "JPad/JPad-Info.plist";
				PRODUCT_NAME = "$(TARGET_NAME)";
				WRAPPER_EXTENSION = app;
			};
			name = Debug;
		};
		93052A4113C2835000199561 /* Release */ = {
			isa = XCBuildConfiguration;
			buildSettings = {
				ALWAYS_SEARCH_USER_PATHS = NO;
				COPY_PHASE_STRIP = YES;
				GCC_PRECOMPILE_PREFIX_HEADER = YES;
				GCC_PREFIX_HEADER = "JPad/JPad-Prefix.pch";
				INFOPLIST_FILE = "JPad/JPad-Info.plist";
				PRODUCT_NAME = "$(TARGET_NAME)";
				VALIDATE_PRODUCT = YES;
				WRAPPER_EXTENSION = app;
			};
			name = Release;
		};
		93052A4313C2835000199561 /* Debug */ = {
			isa = XCBuildConfiguration;
			buildSettings = {
				ALWAYS_SEARCH_USER_PATHS = NO;
				ARCHS = "$(ARCHS_STANDARD_32_BIT)";
				BUNDLE_LOADER = "$(BUILT_PRODUCTS_DIR)/JPad.app/JPad";
				FRAMEWORK_SEARCH_PATHS = (
					"$(SDKROOT)/Developer/Library/Frameworks",
					"$(DEVELOPER_LIBRARY_DIR)/Frameworks",
				);
				GCC_PRECOMPILE_PREFIX_HEADER = YES;
				GCC_PREFIX_HEADER = "JPadTests/JPadTests-Prefix.pch";
				INFOPLIST_FILE = "JPadTests/JPadTests-Info.plist";
				OTHER_LDFLAGS = (
					"-framework",
					SenTestingKit,
				);
				PRODUCT_NAME = "$(TARGET_NAME)";
				TEST_HOST = "$(BUNDLE_LOADER)";
				WRAPPER_EXTENSION = octest;
			};
			name = Debug;
		};
		93052A4413C2835000199561 /* Release */ = {
			isa = XCBuildConfiguration;
			buildSettings = {
				ALWAYS_SEARCH_USER_PATHS = NO;
				ARCHS = "$(ARCHS_STANDARD_32_BIT)";
				BUNDLE_LOADER = "$(BUILT_PRODUCTS_DIR)/JPad.app/JPad";
				FRAMEWORK_SEARCH_PATHS = (
					"$(SDKROOT)/Developer/Library/Frameworks",
					"$(DEVELOPER_LIBRARY_DIR)/Frameworks",
				);
				GCC_PRECOMPILE_PREFIX_HEADER = YES;
				GCC_PREFIX_HEADER = "JPadTests/JPadTests-Prefix.pch";
				INFOPLIST_FILE = "JPadTests/JPadTests-Info.plist";
				OTHER_LDFLAGS = (
					"-framework",
					SenTestingKit,
				);
				PRODUCT_NAME = "$(TARGET_NAME)";
				TEST_HOST = "$(BUNDLE_LOADER)";
				WRAPPER_EXTENSION = octest;
			};
			name = Release;
		};
/* End XCBuildConfiguration section */

/* Begin XCConfigurationList section */
		93052A0813C2835000199561 /* Build configuration list for PBXProject "JPad" */ = {
			isa = XCConfigurationList;
			buildConfigurations = (
				93052A3D13C2835000199561 /* Debug */,
				93052A3E13C2835000199561 /* Release */,
			);
			defaultConfigurationIsVisible = 0;
			defaultConfigurationName = Release;
		};
		93052A3F13C2835000199561 /* Build configuration list for PBXNativeTarget "JPad" */ = {
			isa = XCConfigurationList;
			buildConfigurations = (
				93052A4013C2835000199561 /* Debug */,
				93052A4113C2835000199561 /* Release */,
			);
			defaultConfigurationIsVisible = 0;
			defaultConfigurationName = Release;
		};
		93052A4213C2835000199561 /* Build configuration list for PBXNativeTarget "JPadTests" */ = {
			isa = XCConfigurationList;
			buildConfigurations = (
				93052A4313C2835000199561 /* Debug */,
				93052A4413C2835000199561 /* Release */,
			);
			defaultConfigurationIsVisible = 0;
			defaultConfigurationName = Release;
		};
/* End XCConfigurationList section */
	};
	rootObject = 93052A0513C2835000199561 /* Project object */;
}
